
Microsoft Visual Studio Solution File, Format Version 12.00
# Visual Studio 2017
Project("{FAE04EC0-301F-11D3-BF4B-00C04F79EFBC}") = "Navigation mesh", "Navigation mesh.csproj", "{33F0C60E-1686-AC50-CB13-C41427FA963D}"
EndProject
Project("{FAE04EC0-301F-11D3-BF4B-00C04F79EFBC}") = "Navigation mesh.Plugins", "Navigation mesh.Plugins.csproj", "{3DE0F97A-20D7-35C1-9B3B-898B344F381E}"
EndProject
Project("{FAE04EC0-301F-11D3-BF4B-00C04F79EFBC}") = "Navigation mesh.Editor.Plugins", "Navigation mesh.Editor.Plugins.csproj", "{5B602909-AFC7-737C-FAF3-86C6C9ECB573}"
EndProject
Project("{FAE04EC0-301F-11D3-BF4B-00C04F79EFBC}") = "Navigation mesh.Editor", "Navigation mesh.Editor.csproj", "{E1AA2401-C32D-F3B8-C1B6-7DAD4C3C8652}"
EndProject
Global
	GlobalSection(SolutionConfigurationPlatforms) = preSolution
		Debug|Any CPU = Debug|Any CPU
		Release|Any CPU = Release|Any CPU
	EndGlobalSection
	GlobalSection(ProjectConfigurationPlatforms) = postSolution
		{33F0C60E-1686-AC50-CB13-C41427FA963D}.Debug|Any CPU.ActiveCfg = Debug|Any CPU
		{33F0C60E-1686-AC50-CB13-C41427FA963D}.Debug|Any CPU.Build.0 = Debug|Any CPU
		{33F0C60E-1686-AC50-CB13-C41427FA963D}.Release|Any CPU.ActiveCfg = Release|Any CPU
		{33F0C60E-1686-AC50-CB13-C41427FA963D}.Release|Any CPU.Build.0 = Release|Any CPU
		{3DE0F97A-20D7-35C1-9B3B-898B344F381E}.Debug|Any CPU.ActiveCfg = Debug|Any CPU
		{3DE0F97A-20D7-35C1-9B3B-898B344F381E}.Debug|Any CPU.Build.0 = Debug|Any CPU
		{3DE0F97A-20D7-35C1-9B3B-898B344F381E}.Release|Any CPU.ActiveCfg = Release|Any CPU
		{3DE0F97A-20D7-35C1-9B3B-898B344F381E}.Release|Any CPU.Build.0 = Release|Any CPU
		{5B602909-AFC7-737C-FAF3-86C6C9ECB573}.Debug|Any CPU.ActiveCfg = Debug|Any CPU
		{5B602909-AFC7-737C-FAF3-86C6C9ECB573}.Debug|Any CPU.Build.0 = Debug|Any CPU
		{5B602909-AFC7-737C-FAF3-86C6C9ECB573}.Release|Any CPU.ActiveCfg = Release|Any CPU
		{5B602909-AFC7-737C-FAF3-86C6C9ECB573}.Release|Any CPU.Build.0 = Release|Any CPU
		{E1AA2401-C32D-F3B8-C1B6-7DAD4C3C8652}.Debug|Any CPU.ActiveCfg = Debug|Any CPU
		{E1AA2401-C32D-F3B8-C1B6-7DAD4C3C8652}.Debug|Any CPU.Build.0 = Debug|Any CPU
		{E1AA2401-C32D-F3B8-C1B6-7DAD4C3C8652}.Release|Any CPU.ActiveCfg = Release|Any CPU
		{E1AA2401-C32D-F3B8-C1B6-7DAD4C3C8652}.Release|Any CPU.Build.0 = Release|Any CPU
	EndGlobalSection
	GlobalSection(SolutionProperties) = preSolution
		HideSolutionNode = FALSE
	EndGlobalSection
EndGlobal
